
Microsoft Visual Studio Solution File, Format Version 12.00
# Visual Studio Version 16
VisualStudioVersion = 16.0.31129.286
MinimumVisualStudioVersion = 10.0.40219.1
Project("{FAE04EC0-301F-11D3-BF4B-00C04F79EFBC}") = "ChangeColorSprite", "ChangeColorSprite\ChangeColorSprite.csproj", "{3ECAF06C-14AE-4AB1-A553-ED00797AE9A6}"
EndProject
Global
	GlobalSection(SolutionConfigurationPlatforms) = preSolution
		Debug|Any CPU = Debug|Any CPU
		Release|Any CPU = Release|Any CPU
	EndGlobalSection
	GlobalSection(ProjectConfigurationPlatforms) = postSolution
		{3ECAF06C-14AE-4AB1-A553-ED00797AE9A6}.Debug|Any CPU.ActiveCfg = Debug|Any CPU
		{3ECAF06C-14AE-4AB1-A553-ED00797AE9A6}.Debug|Any CPU.Build.0 = Debug|Any CPU
		{3ECAF06C-14AE-4AB1-A553-ED00797AE9A6}.Release|Any CPU.ActiveCfg = Release|Any CPU
		{3ECAF06C-14AE-4AB1-A553-ED00797AE9A6}.Release|Any CPU.Build.0 = Release|Any CPU
	EndGlobalSection
	GlobalSection(SolutionProperties) = preSolution
		HideSolutionNode = FALSE
	EndGlobalSection
	GlobalSection(ExtensibilityGlobals) = postSolution
		SolutionGuid = {80182642-8646-40F0-844A-0DB6B7B9A694}
	EndGlobalSection
EndGlobal
